{
  "name": "eps-patents-functions",
  "version": "1.0.0",
  "lockfileVersion": 3,
  "requires": true,
  "packages": {
    "": {
      "name": "eps-patents-functions",
      "version": "1.0.0",
      "dependencies": {
        "@microsoft/fabric-user-data-functions": "^1.34.0-alpha.1201"
      },
      "devDependencies": {
        "@types/node": "^22.0.0",
        "typescript": "~5.9.0"
      }
    },
    "node_modules/@azure/functions": {
      "version": "4.16.2",
      "resolved": "https://ms-feed-2.pkgs.visualstudio.com/1es-public/_packaging/npm-public/npm/registry/@azure/functions/-/functions-4.16.2.tgz",
      "integrity": "sha1-e/GOBuS1+Ss2i0I8xX/pu2WI788=",
      "license": "MIT",
      "dependencies": {
        "@azure/functions-extensions-base": "0.3.0",
        "cookie": "^0.7.0"
      },
      "engines": {
        "node": ">=20.0"
      }
    },
    "node_modules/@azure/functions-extensions-base": {
      "version": "0.3.0",
      "resolved": "https://ms-feed-25.pkgs.visualstudio.com/1es-public/_packaging/npm-public/npm/registry/@azure/functions-extensions-base/-/functions-extensions-base-0.3.0.tgz",
      "integrity": "sha1-cGLy8GmLtkdwN4+eev+fd8Ukn04=",
      "license": "MIT",
      "engines": {
        "node": ">=18.0"
      }
    },
    "node_modules/@isaacs/fs-minipass": {
      "version": "4.0.1",
      "resolved": "https://ms-feed-2.pkgs.visualstudio.com/1es-public/_packaging/npm-public/npm/registry/@isaacs/fs-minipass/-/fs-minipass-4.0.1.tgz",
      "integrity": "sha1-LVmuOrSzj7QnC/oj0w+OLobH/jI=",
      "license": "ISC",
      "dependencies": {
        "minipass": "^7.0.4"
      },
      "engines": {
        "node": ">=18.0.0"
      }
    },
    "node_modules/@microsoft/fabric-user-data-functions": {
      "version": "1.34.0-alpha.1201",
      "resolved": "https://ms-feed-25.pkgs.visualstudio.com/1es-public/_packaging/npm-public/npm/registry/@microsoft/fabric-user-data-functions/-/fabric-user-data-functions-1.34.0-alpha.1201.tgz",
      "integrity": "sha1-cGR7Yz+NWR7dXqmV61F4NOpd01I=",
      "license": "MIT",
      "dependencies": {
        "@azure/functions": "^4.0.0",
        "@microsoft/rayfin-client": "1.34.0-alpha.1201"
      },
      "engines": {
        "node": ">=20.0.0 <21.0.0 || >=22.0.0 <23.0.0 || >=24.0.0 <25.0.0"
      }
    },
    "node_modules/@microsoft/rayfin-auth": {
      "version": "1.34.0-alpha.1201",
      "resolved": "https://ms-feed-12.pkgs.visualstudio.com/1es-public/_packaging/npm-public/npm/registry/@microsoft/rayfin-auth/-/rayfin-auth-1.34.0-alpha.1201.tgz",
      "integrity": "sha1-Omx62nCB7VFpOeiI5pMqqJcGfMg=",
      "license": "MIT",
      "dependencies": {
        "@microsoft/rayfin-lib": "1.34.0-alpha.1201"
      }
    },
    "node_modules/@microsoft/rayfin-client": {
      "version": "1.34.0-alpha.1201",
      "resolved": "https://ms-feed-2.pkgs.visualstudio.com/1es-public/_packaging/npm-public/npm/registry/@microsoft/rayfin-client/-/rayfin-client-1.34.0-alpha.1201.tgz",
      "integrity": "sha1-JTJyOK3Dndnw5A6RN16cKhFKM4k=",
      "license": "MIT",
      "dependencies": {
        "@microsoft/rayfin-auth": "1.34.0-alpha.1201",
        "@microsoft/rayfin-connectors": "1.34.0-alpha.1201",
        "@microsoft/rayfin-data": "1.34.0-alpha.1201",
        "@microsoft/rayfin-functions": "1.34.0-alpha.1201",
        "@microsoft/rayfin-lib": "1.34.0-alpha.1201"
      }
    },
    "node_modules/@microsoft/rayfin-connectors": {
      "version": "1.34.0-alpha.1201",
      "resolved": "https://ms-feed-2.pkgs.visualstudio.com/1es-public/_packaging/npm-public/npm/registry/@microsoft/rayfin-connectors/-/rayfin-connectors-1.34.0-alpha.1201.tgz",
      "integrity": "sha1-qMzYyFOYXwZCcU/l+XH6JKN1gtQ=",
      "license": "MIT",
      "dependencies": {
        "@microsoft/rayfin-data": "1.34.0-alpha.1201",
        "@microsoft/rayfin-lib": "1.34.0-alpha.1201",
        "@microsoft/rayfin-tools-common": "1.34.0-alpha.1201"
      }
    },
    "node_modules/@microsoft/rayfin-core": {
      "version": "1.34.0-alpha.1201",
      "resolved": "https://ms-feed-2.pkgs.visualstudio.com/1es-public/_packaging/npm-public/npm/registry/@microsoft/rayfin-core/-/rayfin-core-1.34.0-alpha.1201.tgz",
      "integrity": "sha1-M+TrJpjfDYBmUCedyqbhnUV5RW0=",
      "license": "MIT",
      "dependencies": {
        "@microsoft/rayfin-lib": "1.34.0-alpha.1201",
        "@standard-schema/spec": "^1.1.0"
      },
      "peerDependencies": {
        "typescript": "^5.0.0"
      }
    },
    "node_modules/@microsoft/rayfin-data": {
      "version": "1.34.0-alpha.1201",
      "resolved": "https://ms-feed-12.pkgs.visualstudio.com/1es-public/_packaging/npm-public/npm/registry/@microsoft/rayfin-data/-/rayfin-data-1.34.0-alpha.1201.tgz",
      "integrity": "sha1-rT1pz6KH+gwHp0hQHr46hdO1wT8=",
      "license": "MIT",
      "dependencies": {
        "@microsoft/rayfin-core": "1.34.0-alpha.1201",
        "@microsoft/rayfin-lib": "1.34.0-alpha.1201"
      }
    },
    "node_modules/@microsoft/rayfin-functions": {
      "version": "1.34.0-alpha.1201",
      "resolved": "https://ms-feed-2.pkgs.visualstudio.com/1es-public/_packaging/npm-public/npm/registry/@microsoft/rayfin-functions/-/rayfin-functions-1.34.0-alpha.1201.tgz",
      "integrity": "sha1-mfnkdSlgPB5z/nIiX12zjt4/dbU=",
      "license": "MIT",
      "dependencies": {
        "@microsoft/rayfin-lib": "1.34.0-alpha.1201"
      }
    },
    "node_modules/@microsoft/rayfin-lib": {
      "version": "1.34.0-alpha.1201",
      "resolved": "https://ms-feed-25.pkgs.visualstudio.com/1es-public/_packaging/npm-public/npm/registry/@microsoft/rayfin-lib/-/rayfin-lib-1.34.0-alpha.1201.tgz",
      "integrity": "sha1-XtoEkB1yLt5lzevfPxDgThbAvpQ=",
      "license": "MIT",
      "dependencies": {
        "pluralize": "^8.0.0"
      }
    },
    "node_modules/@microsoft/rayfin-tools-common": {
      "version": "1.34.0-alpha.1201",
      "resolved": "https://ms-feed-12.pkgs.visualstudio.com/1es-public/_packaging/npm-public/npm/registry/@microsoft/rayfin-tools-common/-/rayfin-tools-common-1.34.0-alpha.1201.tgz",
      "integrity": "sha1-3aGJWYVTh0+WivjTxuYisvg6Sz8=",
      "license": "MIT",
      "dependencies": {
        "tar": "~7.5.15",
        "yaml": "^2.8.2",
        "zod": "~4.3.6"
      }
    },
    "node_modules/@standard-schema/spec": {
      "version": "1.1.0",
      "resolved": "https://ms-feed-12.pkgs.visualstudio.com/1es-public/_packaging/npm-public/npm/registry/@standard-schema/spec/-/spec-1.1.0.tgz",
      "integrity": "sha1-p5tV26+GBIEvUtFAssmrQbwVC7g=",
      "license": "MIT"
    },
    "node_modules/@types/node": {
      "version": "22.20.1",
      "resolved": "https://ms-feed-12.pkgs.visualstudio.com/1es-public/_packaging/npm-public/npm/registry/@types/node/-/node-22.20.1.tgz",
      "integrity": "sha1-hOfN9jzaogwTSqMXzMkBqiHhbw4=",
      "dev": true,
      "license": "MIT",
      "dependencies": {
        "undici-types": "~6.21.0"
      }
    },
    "node_modules/chownr": {
      "version": "3.0.0",
      "resolved": "https://ms-feed-12.pkgs.visualstudio.com/1es-public/_packaging/npm-public/npm/registry/chownr/-/chownr-3.0.0.tgz",
      "integrity": "sha1-mFXmTs0kCpzEJnzopKpdJKHaFeQ=",
      "license": "BlueOak-1.0.0",
      "engines": {
        "node": ">=18"
      }
    },
    "node_modules/cookie": {
      "version": "0.7.2",
      "resolved": "https://ms-feed-25.pkgs.visualstudio.com/1es-public/_packaging/npm-public/npm/registry/cookie/-/cookie-0.7.2.tgz",
      "integrity": "sha1-VWNpxHKiupEPKXmJG1JrNDYjftc=",
      "license": "MIT",
      "engines": {
        "node": ">= 0.6"
      }
    },
    "node_modules/minipass": {
      "version": "7.1.3",
      "resolved": "https://ms-feed-25.pkgs.visualstudio.com/1es-public/_packaging/npm-public/npm/registry/minipass/-/minipass-7.1.3.tgz",
      "integrity": "sha1-eTibTrG7LQA6m7qH1JLyvTe9xls=",
      "license": "BlueOak-1.0.0",
      "engines": {
        "node": ">=16 || 14 >=14.17"
      }
    },
    "node_modules/minizlib": {
      "version": "3.1.0",
      "resolved": "https://ms-feed-12.pkgs.visualstudio.com/1es-public/_packaging/npm-public/npm/registry/minizlib/-/minizlib-3.1.0.tgz",
      "integrity": "sha1-atdsOo8QInybUdHJrI4wsn9aJRw=",
      "license": "MIT",
      "dependencies": {
        "minipass": "^7.1.2"
      },
      "engines": {
        "node": ">= 18"
      }
    },
    "node_modules/pluralize": {
      "version": "8.0.0",
      "resolved": "https://ms-feed-12.pkgs.visualstudio.com/1es-public/_packaging/npm-public/npm/registry/pluralize/-/pluralize-8.0.0.tgz",
      "integrity": "sha1-Gm+hajjRKhkB4DIPoBcFHFOc47E=",
      "license": "MIT",
      "engines": {
        "node": ">=4"
      }
    },
    "node_modules/tar": {
      "version": "7.5.19",
      "resolved": "https://ms-feed-12.pkgs.visualstudio.com/1es-public/_packaging/npm-public/npm/registry/tar/-/tar-7.5.19.tgz",
      "integrity": "sha1-2JFea3F/gDannYOcqUSBmLACsKc=",
      "license": "BlueOak-1.0.0",
      "dependencies": {
        "@isaacs/fs-minipass": "^4.0.0",
        "chownr": "^3.0.0",
        "minipass": "^7.1.2",
        "minizlib": "^3.1.0",
        "yallist": "^5.0.0"
      },
      "engines": {
        "node": ">=18"
      }
    },
    "node_modules/typescript": {
      "version": "5.9.3",
      "resolved": "https://ms-feed-2.pkgs.visualstudio.com/1es-public/_packaging/npm-public/npm/registry/typescript/-/typescript-5.9.3.tgz",
      "integrity": "sha1-W09Z4VMQqxeiFvXWz1PuR27eZw8=",
      "license": "Apache-2.0",
      "bin": {
        "tsc": "bin/tsc",
        "tsserver": "bin/tsserver"
      },
      "engines": {
        "node": ">=14.17"
      }
    },
    "node_modules/undici-types": {
      "version": "6.21.0",
      "resolved": "https://ms-feed-25.pkgs.visualstudio.com/1es-public/_packaging/npm-public/npm/registry/undici-types/-/undici-types-6.21.0.tgz",
      "integrity": "sha1-aR0ArzkJvpOn+qE75hs6W1DvEss=",
      "dev": true,
      "license": "MIT"
    },
    "node_modules/yallist": {
      "version": "5.0.0",
      "resolved": "https://ms-feed-25.pkgs.visualstudio.com/1es-public/_packaging/npm-public/npm/registry/yallist/-/yallist-5.0.0.tgz",
      "integrity": "sha1-AOLeRDY57Q14/YfeDSdGn7z/tTM=",
      "license": "BlueOak-1.0.0",
      "engines": {
        "node": ">=18"
      }
    },
    "node_modules/yaml": {
      "version": "2.9.0",
      "resolved": "https://ms-feed-12.pkgs.visualstudio.com/1es-public/_packaging/npm-public/npm/registry/yaml/-/yaml-2.9.0.tgz",
      "integrity": "sha1-eCdK/ZNZih391hMN9qVm3vy/mqQ=",
      "license": "ISC",
      "bin": {
        "yaml": "bin.mjs"
      },
      "engines": {
        "node": ">= 14.6"
      },
      "funding": {
        "url": "https://github.com/sponsors/eemeli"
      }
    },
    "node_modules/zod": {
      "version": "4.3.6",
      "resolved": "https://ms-feed-2.pkgs.visualstudio.com/1es-public/_packaging/npm-public/npm/registry/zod/-/zod-4.3.6.tgz",
      "integrity": "sha1-icVuCqfSsFEH2JRBIicIeIWrESo=",
      "license": "MIT",
      "funding": {
        "url": "https://github.com/sponsors/colinhacks"
      }
    }
  }
}
